
Microsoft Visual Studio Solution File, Format Version 12.00
# Visual Studio 15
VisualStudioVersion = 15.0.28010.2036
MinimumVisualStudioVersion = 10.0.40219.1
Project("{FAE04EC0-301F-11D3-BF4B-00C04F79EFBC}") = "WappoMobile.Android", "WappoMobile\WappoMobile.Android\WappoMobile.Android.csproj", "{9670B900-EE44-4E7A-BBBC-ED582229946A}"
EndProject
Project("{FAE04EC0-301F-11D3-BF4B-00C04F79EFBC}") = "WappoMobile.iOS", "WappoMobile\WappoMobile.iOS\WappoMobile.iOS.csproj", "{87E617D0-F470-441E-9CFD-7972C8AE964D}"
EndProject
Project("{FAE04EC0-301F-11D3-BF4B-00C04F79EFBC}") = "WappoMobile.UWP", "WappoMobile\WappoMobile.UWP\WappoMobile.UWP.csproj", "{A7C1A72A-9D3E-479B-9E33-039F1DC94473}"
EndProject
Project("{FAE04EC0-301F-11D3-BF4B-00C04F79EFBC}") = "WappoMobile", "WappoMobile\WappoMobile\WappoMobile.csproj", "{DDD87E9E-78E8-4A8D-869D-B4ED5C7B1CE3}"
EndProject
Project("{FAE04EC0-301F-11D3-BF4B-00C04F79EFBC}") = "WappoMobile.Contracts", "WappoMobile.Contracts\WappoMobile.Contracts.csproj", "{8BF66B3A-AA64-48A5-813F-C51EDEA7028E}"
EndProject
Project("{FAE04EC0-301F-11D3-BF4B-00C04F79EFBC}") = "WappoMobile.Services", "WappoMobile.Services\WappoMobile.Services.csproj", "{54E164E7-ADF4-434C-8A08-86F6F006A154}"
EndProject
Global
	GlobalSection(SolutionConfigurationPlatforms) = preSolution
		Debug|Any CPU = Debug|Any CPU
		Debug|ARM = Debug|ARM
		Debug|iPhone = Debug|iPhone
		Debug|iPhoneSimulator = Debug|iPhoneSimulator
		Debug|x64 = Debug|x64
		Debug|x86 = Debug|x86
		Release|Any CPU = Release|Any CPU
		Release|ARM = Release|ARM
		Release|iPhone = Release|iPhone
		Release|iPhoneSimulator = Release|iPhoneSimulator
		Release|x64 = Release|x64
		Release|x86 = Release|x86
	EndGlobalSection
	GlobalSection(ProjectConfigurationPlatforms) = postSolution
		{9670B900-EE44-4E7A-BBBC-ED582229946A}.Debug|Any CPU.ActiveCfg = Debug|Any CPU
		{9670B900-EE44-4E7A-BBBC-ED582229946A}.Debug|Any CPU.Build.0 = Debug|Any CPU
		{9670B900-EE44-4E7A-BBBC-ED582229946A}.Debug|Any CPU.Deploy.0 = Debug|Any CPU
		{9670B900-EE44-4E7A-BBBC-ED582229946A}.Debug|ARM.ActiveCfg = Debug|Any CPU
		{9670B900-EE44-4E7A-BBBC-ED582229946A}.Debug|ARM.Build.0 = Debug|Any CPU
		{9670B900-EE44-4E7A-BBBC-ED582229946A}.Debug|ARM.Deploy.0 = Debug|Any CPU
		{9670B900-EE44-4E7A-BBBC-ED582229946A}.Debug|iPhone.ActiveCfg = Debug|Any CPU
		{9670B900-EE44-4E7A-BBBC-ED582229946A}.Debug|iPhone.Build.0 = Debug|Any CPU
		{9670B900-EE44-4E7A-BBBC-ED582229946A}.Debug|iPhone.Deploy.0 = Debug|Any CPU
		{9670B900-EE44-4E7A-BBBC-ED582229946A}.Debug|iPhoneSimulator.ActiveCfg = Debug|Any CPU
		{9670B900-EE44-4E7A-BBBC-ED582229946A}.Debug|iPhoneSimulator.Build.0 = Debug|Any CPU
		{9670B900-EE44-4E7A-BBBC-ED582229946A}.Debug|iPhoneSimulator.Deploy.0 = Debug|Any CPU
		{9670B900-EE44-4E7A-BBBC-ED582229946A}.Debug|x64.ActiveCfg = Debug|Any CPU
		{9670B900-EE44-4E7A-BBBC-ED582229946A}.Debug|x64.Build.0 = Debug|Any CPU
		{9670B900-EE44-4E7A-BBBC-ED582229946A}.Debug|x64.Deploy.0 = Debug|Any CPU
		{9670B900-EE44-4E7A-BBBC-ED582229946A}.Debug|x86.ActiveCfg = Debug|Any CPU
		{9670B900-EE44-4E7A-BBBC-ED582229946A}.Debug|x86.Build.0 = Debug|Any CPU
		{9670B900-EE44-4E7A-BBBC-ED582229946A}.Debug|x86.Deploy.0 = Debug|Any CPU
		{9670B900-EE44-4E7A-BBBC-ED582229946A}.Release|Any CPU.ActiveCfg = Release|Any CPU
		{9670B900-EE44-4E7A-BBBC-ED582229946A}.Release|Any CPU.Build.0 = Release|Any CPU
		{9670B900-EE44-4E7A-BBBC-ED582229946A}.Release|Any CPU.Deploy.0 = Release|Any CPU
		{9670B900-EE44-4E7A-BBBC-ED582229946A}.Release|ARM.ActiveCfg = Release|Any CPU
		{9670B900-EE44-4E7A-BBBC-ED582229946A}.Release|ARM.Build.0 = Release|Any CPU
		{9670B900-EE44-4E7A-BBBC-ED582229946A}.Release|ARM.Deploy.0 = Release|Any CPU
		{9670B900-EE44-4E7A-BBBC-ED582229946A}.Release|iPhone.ActiveCfg = Release|Any CPU
		{9670B900-EE44-4E7A-BBBC-ED582229946A}.Release|iPhone.Build.0 = Release|Any CPU
		{9670B900-EE44-4E7A-BBBC-ED582229946A}.Release|iPhone.Deploy.0 = Release|Any CPU
		{9670B900-EE44-4E7A-BBBC-ED582229946A}.Release|iPhoneSimulator.ActiveCfg = Release|Any CPU
		{9670B900-EE44-4E7A-BBBC-ED582229946A}.Release|iPhoneSimulator.Build.0 = Release|Any CPU
		{9670B900-EE44-4E7A-BBBC-ED582229946A}.Release|iPhoneSimulator.Deploy.0 = Release|Any CPU
		{9670B900-EE44-4E7A-BBBC-ED582229946A}.Release|x64.ActiveCfg = Release|Any CPU
		{9670B900-EE44-4E7A-BBBC-ED582229946A}.Release|x64.Build.0 = Release|Any CPU
		{9670B900-EE44-4E7A-BBBC-ED582229946A}.Release|x64.Deploy.0 = Release|Any CPU
		{9670B900-EE44-4E7A-BBBC-ED582229946A}.Release|x86.ActiveCfg = Release|Any CPU
		{9670B900-EE44-4E7A-BBBC-ED582229946A}.Release|x86.Build.0 = Release|Any CPU
		{9670B900-EE44-4E7A-BBBC-ED582229946A}.Release|x86.Deploy.0 = Release|Any CPU
		{87E617D0-F470-441E-9CFD-7972C8AE964D}.Debug|Any CPU.ActiveCfg = Debug|iPhoneSimulator
		{87E617D0-F470-441E-9CFD-7972C8AE964D}.Debug|Any CPU.Build.0 = Debug|iPhoneSimulator
		{87E617D0-F470-441E-9CFD-7972C8AE964D}.Debug|Any CPU.Deploy.0 = Debug|iPhoneSimulator
		{87E617D0-F470-441E-9CFD-7972C8AE964D}.Debug|ARM.ActiveCfg = Debug|iPhone
		{87E617D0-F470-441E-9CFD-7972C8AE964D}.Debug|ARM.Build.0 = Debug|iPhone
		{87E617D0-F470-441E-9CFD-7972C8AE964D}.Debug|ARM.Deploy.0 = Debug|iPhone
		{87E617D0-F470-441E-9CFD-7972C8AE964D}.Debug|iPhone.ActiveCfg = Debug|iPhone
		{87E617D0-F470-441E-9CFD-7972C8AE964D}.Debug|iPhone.Build.0 = Debug|iPhone
		{87E617D0-F470-441E-9CFD-7972C8AE964D}.Debug|iPhone.Deploy.0 = Debug|iPhone
		{87E617D0-F470-441E-9CFD-7972C8AE964D}.Debug|iPhoneSimulator.ActiveCfg = Debug|iPhoneSimulator
		{87E617D0-F470-441E-9CFD-7972C8AE964D}.Debug|iPhoneSimulator.Build.0 = Debug|iPhoneSimulator
		{87E617D0-F470-441E-9CFD-7972C8AE964D}.Debug|iPhoneSimulator.Deploy.0 = Debug|iPhoneSimulator
		{87E617D0-F470-441E-9CFD-7972C8AE964D}.Debug|x64.ActiveCfg = Debug|iPhone
		{87E617D0-F470-441E-9CFD-7972C8AE964D}.Debug|x64.Build.0 = Debug|iPhone
		{87E617D0-F470-441E-9CFD-7972C8AE964D}.Debug|x64.Deploy.0 = Debug|iPhone
		{87E617D0-F470-441E-9CFD-7972C8AE964D}.Debug|x86.ActiveCfg = Debug|iPhone
		{87E617D0-F470-441E-9CFD-7972C8AE964D}.Debug|x86.Build.0 = Debug|iPhone
		{87E617D0-F470-441E-9CFD-7972C8AE964D}.Debug|x86.Deploy.0 = Debug|iPhone
		{87E617D0-F470-441E-9CFD-7972C8AE964D}.Release|Any CPU.ActiveCfg = Release|iPhone
		{87E617D0-F470-441E-9CFD-7972C8AE964D}.Release|Any CPU.Build.0 = Release|iPhone
		{87E617D0-F470-441E-9CFD-7972C8AE964D}.Release|Any CPU.Deploy.0 = Release|iPhone
		{87E617D0-F470-441E-9CFD-7972C8AE964D}.Release|ARM.ActiveCfg = Release|iPhone
		{87E617D0-F470-441E-9CFD-7972C8AE964D}.Release|ARM.Build.0 = Release|iPhone
		{87E617D0-F470-441E-9CFD-7972C8AE964D}.Release|ARM.Deploy.0 = Release|iPhone
		{87E617D0-F470-441E-9CFD-7972C8AE964D}.Release|iPhone.ActiveCfg = Release|iPhone
		{87E617D0-F470-441E-9CFD-7972C8AE964D}.Release|iPhone.Build.0 = Release|iPhone
		{87E617D0-F470-441E-9CFD-7972C8AE964D}.Release|iPhone.Deploy.0 = Release|iPhone
		{87E617D0-F470-441E-9CFD-7972C8AE964D}.Release|iPhoneSimulator.ActiveCfg = Release|iPhoneSimulator
		{87E617D0-F470-441E-9CFD-7972C8AE964D}.Release|iPhoneSimulator.Build.0 = Release|iPhoneSimulator
		{87E617D0-F470-441E-9CFD-7972C8AE964D}.Release|iPhoneSimulator.Deploy.0 = Release|iPhoneSimulator
		{87E617D0-F470-441E-9CFD-7972C8AE964D}.Release|x64.ActiveCfg = Release|iPhone
		{87E617D0-F470-441E-9CFD-7972C8AE964D}.Release|x64.Build.0 = Release|iPhone
		{87E617D0-F470-441E-9CFD-7972C8AE964D}.Release|x64.Deploy.0 = Release|iPhone
		{87E617D0-F470-441E-9CFD-7972C8AE964D}.Release|x86.ActiveCfg = Release|iPhone
		{87E617D0-F470-441E-9CFD-7972C8AE964D}.Release|x86.Build.0 = Release|iPhone
		{87E617D0-F470-441E-9CFD-7972C8AE964D}.Release|x86.Deploy.0 = Release|iPhone
		{A7C1A72A-9D3E-479B-9E33-039F1DC94473}.Debug|Any CPU.ActiveCfg = Debug|x86
		{A7C1A72A-9D3E-479B-9E33-039F1DC94473}.Debug|Any CPU.Build.0 = Debug|x86
		{A7C1A72A-9D3E-479B-9E33-039F1DC94473}.Debug|Any CPU.Deploy.0 = Debug|x86
		{A7C1A72A-9D3E-479B-9E33-039F1DC94473}.Debug|ARM.ActiveCfg = Debug|ARM
		{A7C1A72A-9D3E-479B-9E33-039F1DC94473}.Debug|ARM.Build.0 = Debug|ARM
		{A7C1A72A-9D3E-479B-9E33-039F1DC94473}.Debug|ARM.Deploy.0 = Debug|ARM
		{A7C1A72A-9D3E-479B-9E33-039F1DC94473}.Debug|iPhone.ActiveCfg = Debug|x86
		{A7C1A72A-9D3E-479B-9E33-039F1DC94473}.Debug|iPhone.Build.0 = Debug|x86
		{A7C1A72A-9D3E-479B-9E33-039F1DC94473}.Debug|iPhone.Deploy.0 = Debug|x86
		{A7C1A72A-9D3E-479B-9E33-039F1DC94473}.Debug|iPhoneSimulator.ActiveCfg = Debug|x86
		{A7C1A72A-9D3E-479B-9E33-039F1DC94473}.Debug|iPhoneSimulator.Build.0 = Debug|x86
		{A7C1A72A-9D3E-479B-9E33-039F1DC94473}.Debug|iPhoneSimulator.Deploy.0 = Debug|x86
		{A7C1A72A-9D3E-479B-9E33-039F1DC94473}.Debug|x64.ActiveCfg = Debug|x64
		{A7C1A72A-9D3E-479B-9E33-039F1DC94473}.Debug|x64.Build.0 = Debug|x64
		{A7C1A72A-9D3E-479B-9E33-039F1DC94473}.Debug|x64.Deploy.0 = Debug|x64
		{A7C1A72A-9D3E-479B-9E33-039F1DC94473}.Debug|x86.ActiveCfg = Debug|x86
		{A7C1A72A-9D3E-479B-9E33-039F1DC94473}.Debug|x86.Build.0 = Debug|x86
		{A7C1A72A-9D3E-479B-9E33-039F1DC94473}.Debug|x86.Deploy.0 = Debug|x86
		{A7C1A72A-9D3E-479B-9E33-039F1DC94473}.Release|Any CPU.ActiveCfg = Release|x86
		{A7C1A72A-9D3E-479B-9E33-039F1DC94473}.Release|Any CPU.Build.0 = Release|x86
		{A7C1A72A-9D3E-479B-9E33-039F1DC94473}.Release|Any CPU.Deploy.0 = Release|x86
		{A7C1A72A-9D3E-479B-9E33-039F1DC94473}.Release|ARM.ActiveCfg = Release|ARM
		{A7C1A72A-9D3E-479B-9E33-039F1DC94473}.Release|ARM.Build.0 = Release|ARM
		{A7C1A72A-9D3E-479B-9E33-039F1DC94473}.Release|ARM.Deploy.0 = Release|ARM
		{A7C1A72A-9D3E-479B-9E33-039F1DC94473}.Release|iPhone.ActiveCfg = Release|x86
		{A7C1A72A-9D3E-479B-9E33-039F1DC94473}.Release|iPhone.Build.0 = Release|x86
		{A7C1A72A-9D3E-479B-9E33-039F1DC94473}.Release|iPhone.Deploy.0 = Release|x86
		{A7C1A72A-9D3E-479B-9E33-039F1DC94473}.Release|iPhoneSimulator.ActiveCfg = Release|x86
		{A7C1A72A-9D3E-479B-9E33-039F1DC94473}.Release|iPhoneSimulator.Build.0 = Release|x86
		{A7C1A72A-9D3E-479B-9E33-039F1DC94473}.Release|iPhoneSimulator.Deploy.0 = Release|x86
		{A7C1A72A-9D3E-479B-9E33-039F1DC94473}.Release|x64.ActiveCfg = Release|x64
		{A7C1A72A-9D3E-479B-9E33-039F1DC94473}.Release|x64.Build.0 = Release|x64
		{A7C1A72A-9D3E-479B-9E33-039F1DC94473}.Release|x64.Deploy.0 = Release|x64
		{A7C1A72A-9D3E-479B-9E33-039F1DC94473}.Release|x86.ActiveCfg = Release|x86
		{A7C1A72A-9D3E-479B-9E33-039F1DC94473}.Release|x86.Build.0 = Release|x86
		{A7C1A72A-9D3E-479B-9E33-039F1DC94473}.Release|x86.Deploy.0 = Release|x86
		{DDD87E9E-78E8-4A8D-869D-B4ED5C7B1CE3}.Debug|Any CPU.ActiveCfg = Debug|Any CPU
		{DDD87E9E-78E8-4A8D-869D-B4ED5C7B1CE3}.Debug|Any CPU.Build.0 = Debug|Any CPU
		{DDD87E9E-78E8-4A8D-869D-B4ED5C7B1CE3}.Debug|Any CPU.Deploy.0 = Debug|Any CPU
		{DDD87E9E-78E8-4A8D-869D-B4ED5C7B1CE3}.Debug|ARM.ActiveCfg = Debug|Any CPU
		{DDD87E9E-78E8-4A8D-869D-B4ED5C7B1CE3}.Debug|ARM.Build.0 = Debug|Any CPU
		{DDD87E9E-78E8-4A8D-869D-B4ED5C7B1CE3}.Debug|ARM.Deploy.0 = Debug|Any CPU
		{DDD87E9E-78E8-4A8D-869D-B4ED5C7B1CE3}.Debug|iPhone.ActiveCfg = Debug|Any CPU
		{DDD87E9E-78E8-4A8D-869D-B4ED5C7B1CE3}.Debug|iPhone.Build.0 = Debug|Any CPU
		{DDD87E9E-78E8-4A8D-869D-B4ED5C7B1CE3}.Debug|iPhone.Deploy.0 = Debug|Any CPU
		{DDD87E9E-78E8-4A8D-869D-B4ED5C7B1CE3}.Debug|iPhoneSimulator.ActiveCfg = Debug|Any CPU
		{DDD87E9E-78E8-4A8D-869D-B4ED5C7B1CE3}.Debug|iPhoneSimulator.Build.0 = Debug|Any CPU
		{DDD87E9E-78E8-4A8D-869D-B4ED5C7B1CE3}.Debug|iPhoneSimulator.Deploy.0 = Debug|Any CPU
		{DDD87E9E-78E8-4A8D-869D-B4ED5C7B1CE3}.Debug|x64.ActiveCfg = Debug|Any CPU
		{DDD87E9E-78E8-4A8D-869D-B4ED5C7B1CE3}.Debug|x64.Build.0 = Debug|Any CPU
		{DDD87E9E-78E8-4A8D-869D-B4ED5C7B1CE3}.Debug|x64.Deploy.0 = Debug|Any CPU
		{DDD87E9E-78E8-4A8D-869D-B4ED5C7B1CE3}.Debug|x86.ActiveCfg = Debug|Any CPU
		{DDD87E9E-78E8-4A8D-869D-B4ED5C7B1CE3}.Debug|x86.Build.0 = Debug|Any CPU
		{DDD87E9E-78E8-4A8D-869D-B4ED5C7B1CE3}.Debug|x86.Deploy.0 = Debug|Any CPU
		{DDD87E9E-78E8-4A8D-869D-B4ED5C7B1CE3}.Release|Any CPU.ActiveCfg = Release|Any CPU
		{DDD87E9E-78E8-4A8D-869D-B4ED5C7B1CE3}.Release|Any CPU.Build.0 = Release|Any CPU
		{DDD87E9E-78E8-4A8D-869D-B4ED5C7B1CE3}.Release|Any CPU.Deploy.0 = Release|Any CPU
		{DDD87E9E-78E8-4A8D-869D-B4ED5C7B1CE3}.Release|ARM.ActiveCfg = Release|Any CPU
		{DDD87E9E-78E8-4A8D-869D-B4ED5C7B1CE3}.Release|ARM.Build.0 = Release|Any CPU
		{DDD87E9E-78E8-4A8D-869D-B4ED5C7B1CE3}.Release|ARM.Deploy.0 = Release|Any CPU
		{DDD87E9E-78E8-4A8D-869D-B4ED5C7B1CE3}.Release|iPhone.ActiveCfg = Release|Any CPU
		{DDD87E9E-78E8-4A8D-869D-B4ED5C7B1CE3}.Release|iPhone.Build.0 = Release|Any CPU
		{DDD87E9E-78E8-4A8D-869D-B4ED5C7B1CE3}.Release|iPhone.Deploy.0 = Release|Any CPU
		{DDD87E9E-78E8-4A8D-869D-B4ED5C7B1CE3}.Release|iPhoneSimulator.ActiveCfg = Release|Any CPU
		{DDD87E9E-78E8-4A8D-869D-B4ED5C7B1CE3}.Release|iPhoneSimulator.Build.0 = Release|Any CPU
		{DDD87E9E-78E8-4A8D-869D-B4ED5C7B1CE3}.Release|iPhoneSimulator.Deploy.0 = Release|Any CPU
		{DDD87E9E-78E8-4A8D-869D-B4ED5C7B1CE3}.Release|x64.ActiveCfg = Release|Any CPU
		{DDD87E9E-78E8-4A8D-869D-B4ED5C7B1CE3}.Release|x64.Build.0 = Release|Any CPU
		{DDD87E9E-78E8-4A8D-869D-B4ED5C7B1CE3}.Release|x64.Deploy.0 = Release|Any CPU
		{DDD87E9E-78E8-4A8D-869D-B4ED5C7B1CE3}.Release|x86.ActiveCfg = Release|Any CPU
		{DDD87E9E-78E8-4A8D-869D-B4ED5C7B1CE3}.Release|x86.Build.0 = Release|Any CPU
		{DDD87E9E-78E8-4A8D-869D-B4ED5C7B1CE3}.Release|x86.Deploy.0 = Release|Any CPU
		{8BF66B3A-AA64-48A5-813F-C51EDEA7028E}.Debug|Any CPU.ActiveCfg = Debug|Any CPU
		{8BF66B3A-AA64-48A5-813F-C51EDEA7028E}.Debug|Any CPU.Build.0 = Debug|Any CPU
		{8BF66B3A-AA64-48A5-813F-C51EDEA7028E}.Debug|ARM.ActiveCfg = Debug|Any CPU
		{8BF66B3A-AA64-48A5-813F-C51EDEA7028E}.Debug|ARM.Build.0 = Debug|Any CPU
		{8BF66B3A-AA64-48A5-813F-C51EDEA7028E}.Debug|iPhone.ActiveCfg = Debug|Any CPU
		{8BF66B3A-AA64-48A5-813F-C51EDEA7028E}.Debug|iPhone.Build.0 = Debug|Any CPU
		{8BF66B3A-AA64-48A5-813F-C51EDEA7028E}.Debug|iPhoneSimulator.ActiveCfg = Debug|Any CPU
		{8BF66B3A-AA64-48A5-813F-C51EDEA7028E}.Debug|iPhoneSimulator.Build.0 = Debug|Any CPU
		{8BF66B3A-AA64-48A5-813F-C51EDEA7028E}.Debug|x64.ActiveCfg = Debug|Any CPU
		{8BF66B3A-AA64-48A5-813F-C51EDEA7028E}.Debug|x64.Build.0 = Debug|Any CPU
		{8BF66B3A-AA64-48A5-813F-C51EDEA7028E}.Debug|x86.ActiveCfg = Debug|Any CPU
		{8BF66B3A-AA64-48A5-813F-C51EDEA7028E}.Debug|x86.Build.0 = Debug|Any CPU
		{8BF66B3A-AA64-48A5-813F-C51EDEA7028E}.Release|Any CPU.ActiveCfg = Release|Any CPU
		{8BF66B3A-AA64-48A5-813F-C51EDEA7028E}.Release|Any CPU.Build.0 = Release|Any CPU
		{8BF66B3A-AA64-48A5-813F-C51EDEA7028E}.Release|ARM.ActiveCfg = Release|Any CPU
		{8BF66B3A-AA64-48A5-813F-C51EDEA7028E}.Release|ARM.Build.0 = Release|Any CPU
		{8BF66B3A-AA64-48A5-813F-C51EDEA7028E}.Release|iPhone.ActiveCfg = Release|Any CPU
		{8BF66B3A-AA64-48A5-813F-C51EDEA7028E}.Release|iPhone.Build.0 = Release|Any CPU
		{8BF66B3A-AA64-48A5-813F-C51EDEA7028E}.Release|iPhoneSimulator.ActiveCfg = Release|Any CPU
		{8BF66B3A-AA64-48A5-813F-C51EDEA7028E}.Release|iPhoneSimulator.Build.0 = Release|Any CPU
		{8BF66B3A-AA64-48A5-813F-C51EDEA7028E}.Release|x64.ActiveCfg = Release|Any CPU
		{8BF66B3A-AA64-48A5-813F-C51EDEA7028E}.Release|x64.Build.0 = Release|Any CPU
		{8BF66B3A-AA64-48A5-813F-C51EDEA7028E}.Release|x86.ActiveCfg = Release|Any CPU
		{8BF66B3A-AA64-48A5-813F-C51EDEA7028E}.Release|x86.Build.0 = Release|Any CPU
		{54E164E7-ADF4-434C-8A08-86F6F006A154}.Debug|Any CPU.ActiveCfg = Debug|Any CPU
		{54E164E7-ADF4-434C-8A08-86F6F006A154}.Debug|Any CPU.Build.0 = Debug|Any CPU
		{54E164E7-ADF4-434C-8A08-86F6F006A154}.Debug|ARM.ActiveCfg = Debug|Any CPU
		{54E164E7-ADF4-434C-8A08-86F6F006A154}.Debug|ARM.Build.0 = Debug|Any CPU
		{54E164E7-ADF4-434C-8A08-86F6F006A154}.Debug|iPhone.ActiveCfg = Debug|Any CPU
		{54E164E7-ADF4-434C-8A08-86F6F006A154}.Debug|iPhone.Build.0 = Debug|Any CPU
		{54E164E7-ADF4-434C-8A08-86F6F006A154}.Debug|iPhoneSimulator.ActiveCfg = Debug|Any CPU
		{54E164E7-ADF4-434C-8A08-86F6F006A154}.Debug|iPhoneSimulator.Build.0 = Debug|Any CPU
		{54E164E7-ADF4-434C-8A08-86F6F006A154}.Debug|x64.ActiveCfg = Debug|Any CPU
		{54E164E7-ADF4-434C-8A08-86F6F006A154}.Debug|x64.Build.0 = Debug|Any CPU
		{54E164E7-ADF4-434C-8A08-86F6F006A154}.Debug|x86.ActiveCfg = Debug|Any CPU
		{54E164E7-ADF4-434C-8A08-86F6F006A154}.Debug|x86.Build.0 = Debug|Any CPU
		{54E164E7-ADF4-434C-8A08-86F6F006A154}.Release|Any CPU.ActiveCfg = Release|Any CPU
		{54E164E7-ADF4-434C-8A08-86F6F006A154}.Release|Any CPU.Build.0 = Release|Any CPU
		{54E164E7-ADF4-434C-8A08-86F6F006A154}.Release|ARM.ActiveCfg = Release|Any CPU
		{54E164E7-ADF4-434C-8A08-86F6F006A154}.Release|ARM.Build.0 = Release|Any CPU
		{54E164E7-ADF4-434C-8A08-86F6F006A154}.Release|iPhone.ActiveCfg = Release|Any CPU
		{54E164E7-ADF4-434C-8A08-86F6F006A154}.Release|iPhone.Build.0 = Release|Any CPU
		{54E164E7-ADF4-434C-8A08-86F6F006A154}.Release|iPhoneSimulator.ActiveCfg = Release|Any CPU
		{54E164E7-ADF4-434C-8A08-86F6F006A154}.Release|iPhoneSimulator.Build.0 = Release|Any CPU
		{54E164E7-ADF4-434C-8A08-86F6F006A154}.Release|x64.ActiveCfg = Release|Any CPU
		{54E164E7-ADF4-434C-8A08-86F6F006A154}.Release|x64.Build.0 = Release|Any CPU
		{54E164E7-ADF4-434C-8A08-86F6F006A154}.Release|x86.ActiveCfg = Release|Any CPU
		{54E164E7-ADF4-434C-8A08-86F6F006A154}.Release|x86.Build.0 = Release|Any CPU
	EndGlobalSection
	GlobalSection(SolutionProperties) = preSolution
		HideSolutionNode = FALSE
	EndGlobalSection
	GlobalSection(ExtensibilityGlobals) = postSolution
		SolutionGuid = {4816A3B0-B059-4A46-83E5-FE49ABF3CB9F}
	EndGlobalSection
EndGlobal
